
Microsoft Visual Studio Solution File, Format Version 12.00
# Visual Studio Version 17
VisualStudioVersion = 17.11.35303.130
MinimumVisualStudioVersion = 10.0.40219.1
Project("{8BC9CEB8-8B4A-11D0-8D11-00A0C91BC942}") = "OS03_03", "OS03_03\OS03_03.vcxproj", "{001D7201-5FB0-4BE4-B67C-B728920211AB}"
EndProject
Global
	GlobalSection(SolutionConfigurationPlatforms) = preSolution
		Debug|x64 = Debug|x64
		Debug|x86 = Debug|x86
		Release|x64 = Release|x64
		Release|x86 = Release|x86
	EndGlobalSection
	GlobalSection(ProjectConfigurationPlatforms) = postSolution
		{001D7201-5FB0-4BE4-B67C-B728920211AB}.Debug|x64.ActiveCfg = Debug|x64
		{001D7201-5FB0-4BE4-B67C-B728920211AB}.Debug|x64.Build.0 = Debug|x64
		{001D7201-5FB0-4BE4-B67C-B728920211AB}.Debug|x86.ActiveCfg = Debug|Win32
		{001D7201-5FB0-4BE4-B67C-B728920211AB}.Debug|x86.Build.0 = Debug|Win32
		{001D7201-5FB0-4BE4-B67C-B728920211AB}.Release|x64.ActiveCfg = Release|x64
		{001D7201-5FB0-4BE4-B67C-B728920211AB}.Release|x64.Build.0 = Release|x64
		{001D7201-5FB0-4BE4-B67C-B728920211AB}.Release|x86.ActiveCfg = Release|Win32
		{001D7201-5FB0-4BE4-B67C-B728920211AB}.Release|x86.Build.0 = Release|Win32
	EndGlobalSection
	GlobalSection(SolutionProperties) = preSolution
		HideSolutionNode = FALSE
	EndGlobalSection
	GlobalSection(ExtensibilityGlobals) = postSolution
		SolutionGuid = {4CDB0011-5DA7-4C59-8ED5-81AB1F8EE695}
	EndGlobalSection
EndGlobal
