
Microsoft Visual Studio Solution File, Format Version 12.00
# Visual Studio Version 17
VisualStudioVersion = 17.11.35312.102
MinimumVisualStudioVersion = 10.0.40219.1
Project("{FAE04EC0-301F-11D3-BF4B-00C04F79EFBC}") = "OS04_07", "OS04_07\OS04_07.csproj", "{7919E5EF-AD04-4E9C-BD40-DAAD2D90A643}"
EndProject
Global
	GlobalSection(SolutionConfigurationPlatforms) = preSolution
		Debug|Any CPU = Debug|Any CPU
		Release|Any CPU = Release|Any CPU
	EndGlobalSection
	GlobalSection(ProjectConfigurationPlatforms) = postSolution
		{7919E5EF-AD04-4E9C-BD40-DAAD2D90A643}.Debug|Any CPU.ActiveCfg = Debug|Any CPU
		{7919E5EF-AD04-4E9C-BD40-DAAD2D90A643}.Debug|Any CPU.Build.0 = Debug|Any CPU
		{7919E5EF-AD04-4E9C-BD40-DAAD2D90A643}.Release|Any CPU.ActiveCfg = Release|Any CPU
		{7919E5EF-AD04-4E9C-BD40-DAAD2D90A643}.Release|Any CPU.Build.0 = Release|Any CPU
	EndGlobalSection
	GlobalSection(SolutionProperties) = preSolution
		HideSolutionNode = FALSE
	EndGlobalSection
	GlobalSection(ExtensibilityGlobals) = postSolution
		SolutionGuid = {C639E5BF-E81E-4E78-9EFD-35F5AEE09E34}
	EndGlobalSection
EndGlobal
