
Microsoft Visual Studio Solution File, Format Version 12.00
# Visual Studio Version 17
VisualStudioVersion = 17.11.35303.130
MinimumVisualStudioVersion = 10.0.40219.1
Project("{8BC9CEB8-8B4A-11D0-8D11-00A0C91BC942}") = "OS06_01", "OS06_01\OS06_01.vcxproj", "{CD44BF77-756F-45EF-8B17-1A3C248ECCAD}"
EndProject
Project("{8BC9CEB8-8B4A-11D0-8D11-00A0C91BC942}") = "OS06_02", "OS06_02\OS06_02.vcxproj", "{9DE3243C-4853-42EF-B778-0B60B14AFC45}"
EndProject
Project("{8BC9CEB8-8B4A-11D0-8D11-00A0C91BC942}") = "OS06_03", "OS06_03\OS06_03.vcxproj", "{8B7D5A07-A76C-48E1-9385-27894DD43DDA}"
EndProject
Project("{8BC9CEB8-8B4A-11D0-8D11-00A0C91BC942}") = "OS06_03A", "OS06_03A\OS06_03A.vcxproj", "{3C53D36C-05EB-4646-A8DA-322085A9999E}"
EndProject
Project("{8BC9CEB8-8B4A-11D0-8D11-00A0C91BC942}") = "OS06_03B", "OS06_03B\OS06_03B.vcxproj", "{FAD1B375-3046-433A-BED1-4CD38D2FDBDD}"
EndProject
Project("{8BC9CEB8-8B4A-11D0-8D11-00A0C91BC942}") = "OS06_04", "OS06_04\OS06_04.vcxproj", "{52F2C6A2-7588-45CA-9744-EDDACF43A4FD}"
EndProject
Project("{8BC9CEB8-8B4A-11D0-8D11-00A0C91BC942}") = "OS06_04A", "OS06_04A\OS06_04A.vcxproj", "{31D0AE7A-BB67-4873-8FAA-E646EEE24BB7}"
EndProject
Project("{8BC9CEB8-8B4A-11D0-8D11-00A0C91BC942}") = "OS06_04B", "OS06_04B\OS06_04B.vcxproj", "{BB26FD0B-7D22-4A1E-A57C-77F0CCC7BCFC}"
EndProject
Project("{8BC9CEB8-8B4A-11D0-8D11-00A0C91BC942}") = "OS06_05", "OS06_05\OS06_05.vcxproj", "{FB77A374-D4F6-4AB9-ACF9-EDB99F92D122}"
EndProject
Project("{8BC9CEB8-8B4A-11D0-8D11-00A0C91BC942}") = "OS06_05A", "OS06_05A\OS06_05A.vcxproj", "{0F0C7A00-2703-458D-B30E-6A70AA6A0D2F}"
EndProject
Project("{8BC9CEB8-8B4A-11D0-8D11-00A0C91BC942}") = "OS06_05B", "OS06_05B\OS06_05B.vcxproj", "{0139B269-CEAD-4D65-ACEF-7986646BF750}"
EndProject
Global
	GlobalSection(SolutionConfigurationPlatforms) = preSolution
		Debug|x64 = Debug|x64
		Debug|x86 = Debug|x86
		Release|x64 = Release|x64
		Release|x86 = Release|x86
	EndGlobalSection
	GlobalSection(ProjectConfigurationPlatforms) = postSolution
		{CD44BF77-756F-45EF-8B17-1A3C248ECCAD}.Debug|x64.ActiveCfg = Debug|x64
		{CD44BF77-756F-45EF-8B17-1A3C248ECCAD}.Debug|x64.Build.0 = Debug|x64
		{CD44BF77-756F-45EF-8B17-1A3C248ECCAD}.Debug|x86.ActiveCfg = Debug|Win32
		{CD44BF77-756F-45EF-8B17-1A3C248ECCAD}.Debug|x86.Build.0 = Debug|Win32
		{CD44BF77-756F-45EF-8B17-1A3C248ECCAD}.Release|x64.ActiveCfg = Release|x64
		{CD44BF77-756F-45EF-8B17-1A3C248ECCAD}.Release|x64.Build.0 = Release|x64
		{CD44BF77-756F-45EF-8B17-1A3C248ECCAD}.Release|x86.ActiveCfg = Release|Win32
		{CD44BF77-756F-45EF-8B17-1A3C248ECCAD}.Release|x86.Build.0 = Release|Win32
		{9DE3243C-4853-42EF-B778-0B60B14AFC45}.Debug|x64.ActiveCfg = Debug|x64
		{9DE3243C-4853-42EF-B778-0B60B14AFC45}.Debug|x64.Build.0 = Debug|x64
		{9DE3243C-4853-42EF-B778-0B60B14AFC45}.Debug|x86.ActiveCfg = Debug|Win32
		{9DE3243C-4853-42EF-B778-0B60B14AFC45}.Debug|x86.Build.0 = Debug|Win32
		{9DE3243C-4853-42EF-B778-0B60B14AFC45}.Release|x64.ActiveCfg = Release|x64
		{9DE3243C-4853-42EF-B778-0B60B14AFC45}.Release|x64.Build.0 = Release|x64
		{9DE3243C-4853-42EF-B778-0B60B14AFC45}.Release|x86.ActiveCfg = Release|Win32
		{9DE3243C-4853-42EF-B778-0B60B14AFC45}.Release|x86.Build.0 = Release|Win32
		{8B7D5A07-A76C-48E1-9385-27894DD43DDA}.Debug|x64.ActiveCfg = Debug|x64
		{8B7D5A07-A76C-48E1-9385-27894DD43DDA}.Debug|x64.Build.0 = Debug|x64
		{8B7D5A07-A76C-48E1-9385-27894DD43DDA}.Debug|x86.ActiveCfg = Debug|Win32
		{8B7D5A07-A76C-48E1-9385-27894DD43DDA}.Debug|x86.Build.0 = Debug|Win32
		{8B7D5A07-A76C-48E1-9385-27894DD43DDA}.Release|x64.ActiveCfg = Release|x64
		{8B7D5A07-A76C-48E1-9385-27894DD43DDA}.Release|x64.Build.0 = Release|x64
		{8B7D5A07-A76C-48E1-9385-27894DD43DDA}.Release|x86.ActiveCfg = Release|Win32
		{8B7D5A07-A76C-48E1-9385-27894DD43DDA}.Release|x86.Build.0 = Release|Win32
		{3C53D36C-05EB-4646-A8DA-322085A9999E}.Debug|x64.ActiveCfg = Debug|x64
		{3C53D36C-05EB-4646-A8DA-322085A9999E}.Debug|x64.Build.0 = Debug|x64
		{3C53D36C-05EB-4646-A8DA-322085A9999E}.Debug|x86.ActiveCfg = Debug|Win32
		{3C53D36C-05EB-4646-A8DA-322085A9999E}.Debug|x86.Build.0 = Debug|Win32
		{3C53D36C-05EB-4646-A8DA-322085A9999E}.Release|x64.ActiveCfg = Release|x64
		{3C53D36C-05EB-4646-A8DA-322085A9999E}.Release|x64.Build.0 = Release|x64
		{3C53D36C-05EB-4646-A8DA-322085A9999E}.Release|x86.ActiveCfg = Release|Win32
		{3C53D36C-05EB-4646-A8DA-322085A9999E}.Release|x86.Build.0 = Release|Win32
		{FAD1B375-3046-433A-BED1-4CD38D2FDBDD}.Debug|x64.ActiveCfg = Debug|x64
		{FAD1B375-3046-433A-BED1-4CD38D2FDBDD}.Debug|x64.Build.0 = Debug|x64
		{FAD1B375-3046-433A-BED1-4CD38D2FDBDD}.Debug|x86.ActiveCfg = Debug|Win32
		{FAD1B375-3046-433A-BED1-4CD38D2FDBDD}.Debug|x86.Build.0 = Debug|Win32
		{FAD1B375-3046-433A-BED1-4CD38D2FDBDD}.Release|x64.ActiveCfg = Release|x64
		{FAD1B375-3046-433A-BED1-4CD38D2FDBDD}.Release|x64.Build.0 = Release|x64
		{FAD1B375-3046-433A-BED1-4CD38D2FDBDD}.Release|x86.ActiveCfg = Release|Win32
		{FAD1B375-3046-433A-BED1-4CD38D2FDBDD}.Release|x86.Build.0 = Release|Win32
		{52F2C6A2-7588-45CA-9744-EDDACF43A4FD}.Debug|x64.ActiveCfg = Debug|x64
		{52F2C6A2-7588-45CA-9744-EDDACF43A4FD}.Debug|x64.Build.0 = Debug|x64
		{52F2C6A2-7588-45CA-9744-EDDACF43A4FD}.Debug|x86.ActiveCfg = Debug|Win32
		{52F2C6A2-7588-45CA-9744-EDDACF43A4FD}.Debug|x86.Build.0 = Debug|Win32
		{52F2C6A2-7588-45CA-9744-EDDACF43A4FD}.Release|x64.ActiveCfg = Release|x64
		{52F2C6A2-7588-45CA-9744-EDDACF43A4FD}.Release|x64.Build.0 = Release|x64
		{52F2C6A2-7588-45CA-9744-EDDACF43A4FD}.Release|x86.ActiveCfg = Release|Win32
		{52F2C6A2-7588-45CA-9744-EDDACF43A4FD}.Release|x86.Build.0 = Release|Win32
		{31D0AE7A-BB67-4873-8FAA-E646EEE24BB7}.Debug|x64.ActiveCfg = Debug|x64
		{31D0AE7A-BB67-4873-8FAA-E646EEE24BB7}.Debug|x64.Build.0 = Debug|x64
		{31D0AE7A-BB67-4873-8FAA-E646EEE24BB7}.Debug|x86.ActiveCfg = Debug|Win32
		{31D0AE7A-BB67-4873-8FAA-E646EEE24BB7}.Debug|x86.Build.0 = Debug|Win32
		{31D0AE7A-BB67-4873-8FAA-E646EEE24BB7}.Release|x64.ActiveCfg = Release|x64
		{31D0AE7A-BB67-4873-8FAA-E646EEE24BB7}.Release|x64.Build.0 = Release|x64
		{31D0AE7A-BB67-4873-8FAA-E646EEE24BB7}.Release|x86.ActiveCfg = Release|Win32
		{31D0AE7A-BB67-4873-8FAA-E646EEE24BB7}.Release|x86.Build.0 = Release|Win32
		{BB26FD0B-7D22-4A1E-A57C-77F0CCC7BCFC}.Debug|x64.ActiveCfg = Debug|x64
		{BB26FD0B-7D22-4A1E-A57C-77F0CCC7BCFC}.Debug|x64.Build.0 = Debug|x64
		{BB26FD0B-7D22-4A1E-A57C-77F0CCC7BCFC}.Debug|x86.ActiveCfg = Debug|Win32
		{BB26FD0B-7D22-4A1E-A57C-77F0CCC7BCFC}.Debug|x86.Build.0 = Debug|Win32
		{BB26FD0B-7D22-4A1E-A57C-77F0CCC7BCFC}.Release|x64.ActiveCfg = Release|x64
		{BB26FD0B-7D22-4A1E-A57C-77F0CCC7BCFC}.Release|x64.Build.0 = Release|x64
		{BB26FD0B-7D22-4A1E-A57C-77F0CCC7BCFC}.Release|x86.ActiveCfg = Release|Win32
		{BB26FD0B-7D22-4A1E-A57C-77F0CCC7BCFC}.Release|x86.Build.0 = Release|Win32
		{FB77A374-D4F6-4AB9-ACF9-EDB99F92D122}.Debug|x64.ActiveCfg = Debug|x64
		{FB77A374-D4F6-4AB9-ACF9-EDB99F92D122}.Debug|x64.Build.0 = Debug|x64
		{FB77A374-D4F6-4AB9-ACF9-EDB99F92D122}.Debug|x86.ActiveCfg = Debug|Win32
		{FB77A374-D4F6-4AB9-ACF9-EDB99F92D122}.Debug|x86.Build.0 = Debug|Win32
		{FB77A374-D4F6-4AB9-ACF9-EDB99F92D122}.Release|x64.ActiveCfg = Release|x64
		{FB77A374-D4F6-4AB9-ACF9-EDB99F92D122}.Release|x64.Build.0 = Release|x64
		{FB77A374-D4F6-4AB9-ACF9-EDB99F92D122}.Release|x86.ActiveCfg = Release|Win32
		{FB77A374-D4F6-4AB9-ACF9-EDB99F92D122}.Release|x86.Build.0 = Release|Win32
		{0F0C7A00-2703-458D-B30E-6A70AA6A0D2F}.Debug|x64.ActiveCfg = Debug|x64
		{0F0C7A00-2703-458D-B30E-6A70AA6A0D2F}.Debug|x64.Build.0 = Debug|x64
		{0F0C7A00-2703-458D-B30E-6A70AA6A0D2F}.Debug|x86.ActiveCfg = Debug|Win32
		{0F0C7A00-2703-458D-B30E-6A70AA6A0D2F}.Debug|x86.Build.0 = Debug|Win32
		{0F0C7A00-2703-458D-B30E-6A70AA6A0D2F}.Release|x64.ActiveCfg = Release|x64
		{0F0C7A00-2703-458D-B30E-6A70AA6A0D2F}.Release|x64.Build.0 = Release|x64
		{0F0C7A00-2703-458D-B30E-6A70AA6A0D2F}.Release|x86.ActiveCfg = Release|Win32
		{0F0C7A00-2703-458D-B30E-6A70AA6A0D2F}.Release|x86.Build.0 = Release|Win32
		{0139B269-CEAD-4D65-ACEF-7986646BF750}.Debug|x64.ActiveCfg = Debug|x64
		{0139B269-CEAD-4D65-ACEF-7986646BF750}.Debug|x64.Build.0 = Debug|x64
		{0139B269-CEAD-4D65-ACEF-7986646BF750}.Debug|x86.ActiveCfg = Debug|Win32
		{0139B269-CEAD-4D65-ACEF-7986646BF750}.Debug|x86.Build.0 = Debug|Win32
		{0139B269-CEAD-4D65-ACEF-7986646BF750}.Release|x64.ActiveCfg = Release|x64
		{0139B269-CEAD-4D65-ACEF-7986646BF750}.Release|x64.Build.0 = Release|x64
		{0139B269-CEAD-4D65-ACEF-7986646BF750}.Release|x86.ActiveCfg = Release|Win32
		{0139B269-CEAD-4D65-ACEF-7986646BF750}.Release|x86.Build.0 = Release|Win32
	EndGlobalSection
	GlobalSection(SolutionProperties) = preSolution
		HideSolutionNode = FALSE
	EndGlobalSection
	GlobalSection(ExtensibilityGlobals) = postSolution
		SolutionGuid = {2C1A902B-5767-4784-B8F1-DA0BA9192CCF}
	EndGlobalSection
EndGlobal
